// !$*UTF8*$!
{
	archiveVersion = 1;
	classes = {
	};
	objectVersion = 56;
	objects = {

/* Begin PBXBuildFile section */
		5F18544C2BF5FDA5009543AD /* AppDelegate.swift in Sources */ = {isa = PBXBuildFile; fileRef = 5F18544B2BF5FDA5009543AD /* AppDelegate.swift */; };
		5F18544E2BF5FDA5009543AD /* SceneDelegate.swift in Sources */ = {isa = PBXBuildFile; fileRef = 5F18544D2BF5FDA5009543AD /* SceneDelegate.swift */; };
		5F1854502BF5FDA5009543AD /* ImagesListViewController.swift in Sources */ = {isa = PBXBuildFile; fileRef = 5F18544F2BF5FDA5009543AD /* ImagesListViewController.swift */; };
		5F1854532BF5FDA5009543AD /* Base in Resources */ = {isa = PBXBuildFile; fileRef = 5F1854522BF5FDA5009543AD /* Base */; };
		5F1854562BF5FDA5009543AD /* ImageFeed.xcdatamodeld in Sources */ = {isa = PBXBuildFile; fileRef = 5F1854542BF5FDA5009543AD /* ImageFeed.xcdatamodeld */; };
		5F18545B2BF5FDA7009543AD /* Base in Resources */ = {isa = PBXBuildFile; fileRef = 5F18545A2BF5FDA7009543AD /* Base */; };
		5F45E4282C0B6E6A009EDBA0 /* Constants.swift in Sources */ = {isa = PBXBuildFile; fileRef = 5F45E4272C0B6E6A009EDBA0 /* Constants.swift */; };
		5F45E42B2C0B7CDD009EDBA0 /* AuthViewController.swift in Sources */ = {isa = PBXBuildFile; fileRef = 5F45E42A2C0B7CDD009EDBA0 /* AuthViewController.swift */; };
		5F45E42D2C0BA7B8009EDBA0 /* WebViewViewController.swift in Sources */ = {isa = PBXBuildFile; fileRef = 5F45E42C2C0BA7B8009EDBA0 /* WebViewViewController.swift */; };
		5F45E42E2C0CB3DD009EDBA0 /* Main.storyboard in Resources */ = {isa = PBXBuildFile; fileRef = 5F1854512BF5FDA5009543AD /* Main.storyboard */; };
		5F7273992C06597F0022350D /* Assets.xcassets in Resources */ = {isa = PBXBuildFile; fileRef = 5F7273982C06597F0022350D /* Assets.xcassets */; };
		5F844F4A2BF744580020AF52 /* LaunchScreen.storyboard in Resources */ = {isa = PBXBuildFile; fileRef = 5F1854592BF5FDA7009543AD /* LaunchScreen.storyboard */; };
		5F9050AC2BFA6F07002CCC4B /* ImagesListCell.swift in Sources */ = {isa = PBXBuildFile; fileRef = 5F9050AB2BFA6F07002CCC4B /* ImagesListCell.swift */; };
		5F9399102BFF743500EF594F /* ProfileViewController.swift in Sources */ = {isa = PBXBuildFile; fileRef = 5F93990F2BFF743500EF594F /* ProfileViewController.swift */; };
		5FA511402C121CE600A8E975 /* OAuth2Service.swift in Sources */ = {isa = PBXBuildFile; fileRef = 5FA5113F2C121CE600A8E975 /* OAuth2Service.swift */; };
		5FD2F7952C1364DF00B81605 /* URLSession+data.swift in Sources */ = {isa = PBXBuildFile; fileRef = 5FD2F7942C1364DF00B81605 /* URLSession+data.swift */; };
		5FD2F7982C14992800B81605 /* OAuthTokenResponseBody.swift in Sources */ = {isa = PBXBuildFile; fileRef = 5FD2F7972C14992800B81605 /* OAuthTokenResponseBody.swift */; };
		5FD2F79B2C149B1500B81605 /* OAuth2TokenStorage.swift in Sources */ = {isa = PBXBuildFile; fileRef = 5FD2F79A2C149B1500B81605 /* OAuth2TokenStorage.swift */; };
		5FD2F79D2C14AA2600B81605 /* SplashViewController.swift in Sources */ = {isa = PBXBuildFile; fileRef = 5FD2F79C2C14AA2600B81605 /* SplashViewController.swift */; };
		5FD830452C0230E400259EDE /* SingleImageViewController.swift in Sources */ = {isa = PBXBuildFile; fileRef = 5FD830442C0230E400259EDE /* SingleImageViewController.swift */; };
/* End PBXBuildFile section */

/* Begin PBXFileReference section */
		5F1854482BF5FDA5009543AD /* ImageFeed.app */ = {isa = PBXFileReference; explicitFileType = wrapper.application; includeInIndex = 0; path = ImageFeed.app; sourceTree = BUILT_PRODUCTS_DIR; };
		5F18544B2BF5FDA5009543AD /* AppDelegate.swift */ = {isa = PBXFileReference; lastKnownFileType = sourcecode.swift; path = AppDelegate.swift; sourceTree = "<group>"; };
		5F18544D2BF5FDA5009543AD /* SceneDelegate.swift */ = {isa = PBXFileReference; lastKnownFileType = sourcecode.swift; path = SceneDelegate.swift; sourceTree = "<group>"; };
		5F18544F2BF5FDA5009543AD /* ImagesListViewController.swift */ = {isa = PBXFileReference; lastKnownFileType = sourcecode.swift; path = ImagesListViewController.swift; sourceTree = "<group>"; };
		5F1854522BF5FDA5009543AD /* Base */ = {isa = PBXFileReference; lastKnownFileType = file.storyboard; name = Base; path = Base.lproj/Main.storyboard; sourceTree = "<group>"; };
		5F1854552BF5FDA5009543AD /* ImageFeed.xcdatamodel */ = {isa = PBXFileReference; lastKnownFileType = wrapper.xcdatamodel; path = ImageFeed.xcdatamodel; sourceTree = "<group>"; };
		5F18545A2BF5FDA7009543AD /* Base */ = {isa = PBXFileReference; lastKnownFileType = file.storyboard; name = Base; path = Base.lproj/LaunchScreen.storyboard; sourceTree = "<group>"; };
		5F18545C2BF5FDA7009543AD /* Info.plist */ = {isa = PBXFileReference; lastKnownFileType = text.plist.xml; path = Info.plist; sourceTree = "<group>"; };
		5F45E4272C0B6E6A009EDBA0 /* Constants.swift */ = {isa = PBXFileReference; lastKnownFileType = sourcecode.swift; path = Constants.swift; sourceTree = "<group>"; };
		5F45E42A2C0B7CDD009EDBA0 /* AuthViewController.swift */ = {isa = PBXFileReference; lastKnownFileType = sourcecode.swift; path = AuthViewController.swift; sourceTree = "<group>"; };
		5F45E42C2C0BA7B8009EDBA0 /* WebViewViewController.swift */ = {isa = PBXFileReference; lastKnownFileType = sourcecode.swift; path = WebViewViewController.swift; sourceTree = "<group>"; };
		5F7273982C06597F0022350D /* Assets.xcassets */ = {isa = PBXFileReference; lastKnownFileType = folder.assetcatalog; path = Assets.xcassets; sourceTree = "<group>"; };
		5F9050AB2BFA6F07002CCC4B /* ImagesListCell.swift */ = {isa = PBXFileReference; lastKnownFileType = sourcecode.swift; path = ImagesListCell.swift; sourceTree = "<group>"; };
		5F93990F2BFF743500EF594F /* ProfileViewController.swift */ = {isa = PBXFileReference; lastKnownFileType = sourcecode.swift; path = ProfileViewController.swift; sourceTree = "<group>"; };
		5FA5113F2C121CE600A8E975 /* OAuth2Service.swift */ = {isa = PBXFileReference; lastKnownFileType = sourcecode.swift; path = OAuth2Service.swift; sourceTree = "<group>"; };
		5FD2F7942C1364DF00B81605 /* URLSession+data.swift */ = {isa = PBXFileReference; lastKnownFileType = sourcecode.swift; path = "URLSession+data.swift"; sourceTree = "<group>"; };
		5FD2F7972C14992800B81605 /* OAuthTokenResponseBody.swift */ = {isa = PBXFileReference; lastKnownFileType = sourcecode.swift; path = OAuthTokenResponseBody.swift; sourceTree = "<group>"; };
		5FD2F79A2C149B1500B81605 /* OAuth2TokenStorage.swift */ = {isa = PBXFileReference; lastKnownFileType = sourcecode.swift; path = OAuth2TokenStorage.swift; sourceTree = "<group>"; };
		5FD2F79C2C14AA2600B81605 /* SplashViewController.swift */ = {isa = PBXFileReference; lastKnownFileType = sourcecode.swift; path = SplashViewController.swift; sourceTree = "<group>"; };
		5FD830442C0230E400259EDE /* SingleImageViewController.swift */ = {isa = PBXFileReference; lastKnownFileType = sourcecode.swift; path = SingleImageViewController.swift; sourceTree = "<group>"; };
/* End PBXFileReference section */

/* Begin PBXFrameworksBuildPhase section */
		5F1854452BF5FDA5009543AD /* Frameworks */ = {
			isa = PBXFrameworksBuildPhase;
			buildActionMask = 2147483647;
			files = (
			);
			runOnlyForDeploymentPostprocessing = 0;
		};
/* End PBXFrameworksBuildPhase section */

/* Begin PBXGroup section */
		5F18543F2BF5FDA5009543AD = {
			isa = PBXGroup;
			children = (
				5F18544A2BF5FDA5009543AD /* ImageFeed */,
				5F1854492BF5FDA5009543AD /* Products */,
			);
			sourceTree = "<group>";
		};
		5F1854492BF5FDA5009543AD /* Products */ = {
			isa = PBXGroup;
			children = (
				5F1854482BF5FDA5009543AD /* ImageFeed.app */,
			);
			name = Products;
			sourceTree = "<group>";
		};
		5F18544A2BF5FDA5009543AD /* ImageFeed */ = {
			isa = PBXGroup;
			children = (
				5FD2F7A02C14F5CB00B81605 /* Application */,
				5F45E4292C0B7CAA009EDBA0 /* Auth */,
				5FD2F79E2C14AA4B00B81605 /* Splash */,
				5F9399112BFF748000EF594F /* Profilie */,
				5F9050AD2BFA6F2F002CCC4B /* ImagesList */,
				5FD830462C02336D00259EDE /* SingleImageView */,
				5F1854512BF5FDA5009543AD /* Main.storyboard */,
				5F1854542BF5FDA5009543AD /* ImageFeed.xcdatamodeld */,
				5F18545C2BF5FDA7009543AD /* Info.plist */,
				5F7273982C06597F0022350D /* Assets.xcassets */,
				5F1854592BF5FDA7009543AD /* LaunchScreen.storyboard */,
				5F45E4352C0D04A6009EDBA0 /* Resources */,
			);
			path = ImageFeed;
			sourceTree = "<group>";
		};
		5F1E7A152C1045A700EE2FA9 /* AuthView */ = {
			isa = PBXGroup;
			children = (
				5F45E42A2C0B7CDD009EDBA0 /* AuthViewController.swift */,
			);
			path = AuthView;
			sourceTree = "<group>";
		};
		5F1E7A162C1045CC00EE2FA9 /* WebView */ = {
			isa = PBXGroup;
			children = (
				5F45E42C2C0BA7B8009EDBA0 /* WebViewViewController.swift */,
			);
			path = WebView;
			sourceTree = "<group>";
		};
		5F45E4292C0B7CAA009EDBA0 /* Auth */ = {
			isa = PBXGroup;
			children = (
				5F45E4272C0B6E6A009EDBA0 /* Constants.swift */,
				5FD2F7992C149AAA00B81605 /* Models */,
				5F1E7A152C1045A700EE2FA9 /* AuthView */,
				5F1E7A162C1045CC00EE2FA9 /* WebView */,
			);
			path = Auth;
			sourceTree = "<group>";
		};
		5F45E4352C0D04A6009EDBA0 /* Resources */ = {
			isa = PBXGroup;
			children = (
			);
			path = Resources;
			sourceTree = "<group>";
		};
		5F9050AD2BFA6F2F002CCC4B /* ImagesList */ = {
			isa = PBXGroup;
			children = (
				5F9050AB2BFA6F07002CCC4B /* ImagesListCell.swift */,
				5F18544F2BF5FDA5009543AD /* ImagesListViewController.swift */,
			);
			path = ImagesList;
			sourceTree = "<group>";
		};
		5F9399112BFF748000EF594F /* Profilie */ = {
			isa = PBXGroup;
			children = (
				5FD2F79F2C14F2F100B81605 /* ProfilieView */,
				5F93990F2BFF743500EF594F /* ProfileViewController.swift */,
			);
			path = Profilie;
			sourceTree = "<group>";
		};
		5FA5113E2C121CC300A8E975 /* Service */ = {
			isa = PBXGroup;
			children = (
				5FD2F7942C1364DF00B81605 /* URLSession+data.swift */,
				5FD2F7962C14990C00B81605 /* OAuthToken */,
			);
			path = Service;
			sourceTree = "<group>";
		};
		5FD2F7962C14990C00B81605 /* OAuthToken */ = {
			isa = PBXGroup;
			children = (
				5FA5113F2C121CE600A8E975 /* OAuth2Service.swift */,
				5FD2F79A2C149B1500B81605 /* OAuth2TokenStorage.swift */,
			);
			path = OAuthToken;
			sourceTree = "<group>";
		};
		5FD2F7992C149AAA00B81605 /* Models */ = {
			isa = PBXGroup;
			children = (
				5FD2F7972C14992800B81605 /* OAuthTokenResponseBody.swift */,
				5FA5113E2C121CC300A8E975 /* Service */,
			);
			path = Models;
			sourceTree = "<group>";
		};
		5FD2F79E2C14AA4B00B81605 /* Splash */ = {
			isa = PBXGroup;
			children = (
				5FD2F79C2C14AA2600B81605 /* SplashViewController.swift */,
			);
			path = Splash;
			sourceTree = "<group>";
		};
		5FD2F79F2C14F2F100B81605 /* ProfilieView */ = {
			isa = PBXGroup;
			children = (
			);
			path = ProfilieView;
			sourceTree = "<group>";
		};
		5FD2F7A02C14F5CB00B81605 /* Application */ = {
			isa = PBXGroup;
			children = (
				5F18544D2BF5FDA5009543AD /* SceneDelegate.swift */,
				5F18544B2BF5FDA5009543AD /* AppDelegate.swift */,
			);
			path = Application;
			sourceTree = "<group>";
		};
		5FD830462C02336D00259EDE /* SingleImageView */ = {
			isa = PBXGroup;
			children = (
				5FD830442C0230E400259EDE /* SingleImageViewController.swift */,
			);
			path = SingleImageView;
			sourceTree = "<group>";
		};
/* End PBXGroup section */

/* Begin PBXNativeTarget section */
		5F1854472BF5FDA5009543AD /* ImageFeed */ = {
			isa = PBXNativeTarget;
			buildConfigurationList = 5F18545F2BF5FDA7009543AD /* Build configuration list for PBXNativeTarget "ImageFeed" */;
			buildPhases = (
				5F1854442BF5FDA5009543AD /* Sources */,
				5F1854452BF5FDA5009543AD /* Frameworks */,
				5F1854462BF5FDA5009543AD /* Resources */,
			);
			buildRules = (
			);
			dependencies = (
			);
			name = ImageFeed;
			productName = ImageFeed;
			productReference = 5F1854482BF5FDA5009543AD /* ImageFeed.app */;
			productType = "com.apple.product-type.application";
		};
/* End PBXNativeTarget section */

/* Begin PBXProject section */
		5F1854402BF5FDA5009543AD /* Project object */ = {
			isa = PBXProject;
			attributes = {
				BuildIndependentTargetsInParallel = 1;
				LastSwiftUpdateCheck = 1530;
				LastUpgradeCheck = 1530;
				TargetAttributes = {
					5F1854472BF5FDA5009543AD = {
						CreatedOnToolsVersion = 15.3;
					};
				};
			};
			buildConfigurationList = 5F1854432BF5FDA5009543AD /* Build configuration list for PBXProject "ImageFeed" */;
			compatibilityVersion = "Xcode 14.0";
			developmentRegion = en;
			hasScannedForEncodings = 0;
			knownRegions = (
				en,
				Base,
			);
			mainGroup = 5F18543F2BF5FDA5009543AD;
			productRefGroup = 5F1854492BF5FDA5009543AD /* Products */;
			projectDirPath = "";
			projectRoot = "";
			targets = (
				5F1854472BF5FDA5009543AD /* ImageFeed */,
			);
		};
/* End PBXProject section */

/* Begin PBXResourcesBuildPhase section */
		5F1854462BF5FDA5009543AD /* Resources */ = {
			isa = PBXResourcesBuildPhase;
			buildActionMask = 2147483647;
			files = (
				5F844F4A2BF744580020AF52 /* LaunchScreen.storyboard in Resources */,
				5F45E42E2C0CB3DD009EDBA0 /* Main.storyboard in Resources */,
				5F18545B2BF5FDA7009543AD /* Base in Resources */,
				5F1854532BF5FDA5009543AD /* Base in Resources */,
				5F7273992C06597F0022350D /* Assets.xcassets in Resources */,
			);
			runOnlyForDeploymentPostprocessing = 0;
		};
/* End PBXResourcesBuildPhase section */

/* Begin PBXSourcesBuildPhase section */
		5F1854442BF5FDA5009543AD /* Sources */ = {
			isa = PBXSourcesBuildPhase;
			buildActionMask = 2147483647;
			files = (
				5F9399102BFF743500EF594F /* ProfileViewController.swift in Sources */,
				5F1854502BF5FDA5009543AD /* ImagesListViewController.swift in Sources */,
				5F1854562BF5FDA5009543AD /* ImageFeed.xcdatamodeld in Sources */,
				5F45E42D2C0BA7B8009EDBA0 /* WebViewViewController.swift in Sources */,
				5FD830452C0230E400259EDE /* SingleImageViewController.swift in Sources */,
				5F9050AC2BFA6F07002CCC4B /* ImagesListCell.swift in Sources */,
				5F18544C2BF5FDA5009543AD /* AppDelegate.swift in Sources */,
				5F18544E2BF5FDA5009543AD /* SceneDelegate.swift in Sources */,
				5FD2F7952C1364DF00B81605 /* URLSession+data.swift in Sources */,
				5FD2F7982C14992800B81605 /* OAuthTokenResponseBody.swift in Sources */,
				5F45E42B2C0B7CDD009EDBA0 /* AuthViewController.swift in Sources */,
				5FD2F79B2C149B1500B81605 /* OAuth2TokenStorage.swift in Sources */,
				5F45E4282C0B6E6A009EDBA0 /* Constants.swift in Sources */,
				5FA511402C121CE600A8E975 /* OAuth2Service.swift in Sources */,
				5FD2F79D2C14AA2600B81605 /* SplashViewController.swift in Sources */,
			);
			runOnlyForDeploymentPostprocessing = 0;
		};
/* End PBXSourcesBuildPhase section */

/* Begin PBXVariantGroup section */
		5F1854512BF5FDA5009543AD /* Main.storyboard */ = {
			isa = PBXVariantGroup;
			children = (
				5F1854522BF5FDA5009543AD /* Base */,
			);
			name = Main.storyboard;
			sourceTree = "<group>";
		};
		5F1854592BF5FDA7009543AD /* LaunchScreen.storyboard */ = {
			isa = PBXVariantGroup;
			children = (
				5F18545A2BF5FDA7009543AD /* Base */,
			);
			name = LaunchScreen.storyboard;
			sourceTree = "<group>";
		};
/* End PBXVariantGroup section */

/* Begin XCBuildConfiguration section */
		5F18545D2BF5FDA7009543AD /* Debug */ = {
			isa = XCBuildConfiguration;
			buildSettings = {
				ALWAYS_SEARCH_USER_PATHS = NO;
				ASSETCATALOG_COMPILER_GENERATE_SWIFT_ASSET_SYMBOL_EXTENSIONS = YES;
				CLANG_ANALYZER_NONNULL = YES;
				CLANG_ANALYZER_NUMBER_OBJECT_CONVERSION = YES_AGGRESSIVE;
				CLANG_CXX_LANGUAGE_STANDARD = "gnu++20";
				CLANG_ENABLE_MODULES = YES;
				CLANG_ENABLE_OBJC_ARC = YES;
				CLANG_ENABLE_OBJC_WEAK = YES;
				CLANG_WARN_BLOCK_CAPTURE_AUTORELEASING = YES;
				CLANG_WARN_BOOL_CONVERSION = YES;
				CLANG_WARN_COMMA = YES;
				CLANG_WARN_CONSTANT_CONVERSION = YES;
				CLANG_WARN_DEPRECATED_OBJC_IMPLEMENTATIONS = YES;
				CLANG_WARN_DIRECT_OBJC_ISA_USAGE = YES_ERROR;
				CLANG_WARN_DOCUMENTATION_COMMENTS = YES;
				CLANG_WARN_EMPTY_BODY = YES;
				CLANG_WARN_ENUM_CONVERSION = YES;
				CLANG_WARN_INFINITE_RECURSION = YES;
				CLANG_WARN_INT_CONVERSION = YES;
				CLANG_WARN_NON_LITERAL_NULL_CONVERSION = YES;
				CLANG_WARN_OBJC_IMPLICIT_RETAIN_SELF = YES;
				CLANG_WARN_OBJC_LITERAL_CONVERSION = YES;
				CLANG_WARN_OBJC_ROOT_CLASS = YES_ERROR;
				CLANG_WARN_QUOTED_INCLUDE_IN_FRAMEWORK_HEADER = YES;
				CLANG_WARN_RANGE_LOOP_ANALYSIS = YES;
				CLANG_WARN_STRICT_PROTOTYPES = YES;
				CLANG_WARN_SUSPICIOUS_MOVE = YES;
				CLANG_WARN_UNGUARDED_AVAILABILITY = YES_AGGRESSIVE;
				CLANG_WARN_UNREACHABLE_CODE = YES;
				CLANG_WARN__DUPLICATE_METHOD_MATCH = YES;
				COPY_PHASE_STRIP = NO;
				DEBUG_INFORMATION_FORMAT = dwarf;
				ENABLE_STRICT_OBJC_MSGSEND = YES;
				ENABLE_TESTABILITY = YES;
				ENABLE_USER_SCRIPT_SANDBOXING = YES;
				GCC_C_LANGUAGE_STANDARD = gnu17;
				GCC_DYNAMIC_NO_PIC = NO;
				GCC_NO_COMMON_BLOCKS = YES;
				GCC_OPTIMIZATION_LEVEL = 0;
				GCC_PREPROCESSOR_DEFINITIONS = (
					"DEBUG=1",
					"$(inherited)",
				);
				GCC_WARN_64_TO_32_BIT_CONVERSION = YES;
				GCC_WARN_ABOUT_RETURN_TYPE = YES_ERROR;
				GCC_WARN_UNDECLARED_SELECTOR = YES;
				GCC_WARN_UNINITIALIZED_AUTOS = YES_AGGRESSIVE;
				GCC_WARN_UNUSED_FUNCTION = YES;
				GCC_WARN_UNUSED_VARIABLE = YES;
				IPHONEOS_DEPLOYMENT_TARGET = 17.4;
				LOCALIZATION_PREFERS_STRING_CATALOGS = YES;
				MTL_ENABLE_DEBUG_INFO = INCLUDE_SOURCE;
				MTL_FAST_MATH = YES;
				ONLY_ACTIVE_ARCH = YES;
				SDKROOT = iphoneos;
				SWIFT_ACTIVE_COMPILATION_CONDITIONS = "DEBUG $(inherited)";
				SWIFT_OPTIMIZATION_LEVEL = "-Onone";
			};
			name = Debug;
		};
		5F18545E2BF5FDA7009543AD /* Release */ = {
			isa = XCBuildConfiguration;
			buildSettings = {
				ALWAYS_SEARCH_USER_PATHS = NO;
				ASSETCATALOG_COMPILER_GENERATE_SWIFT_ASSET_SYMBOL_EXTENSIONS = YES;
				CLANG_ANALYZER_NONNULL = YES;
				CLANG_ANALYZER_NUMBER_OBJECT_CONVERSION = YES_AGGRESSIVE;
				CLANG_CXX_LANGUAGE_STANDARD = "gnu++20";
				CLANG_ENABLE_MODULES = YES;
				CLANG_ENABLE_OBJC_ARC = YES;
				CLANG_ENABLE_OBJC_WEAK = YES;
				CLANG_WARN_BLOCK_CAPTURE_AUTORELEASING = YES;
				CLANG_WARN_BOOL_CONVERSION = YES;
				CLANG_WARN_COMMA = YES;
				CLANG_WARN_CONSTANT_CONVERSION = YES;
				CLANG_WARN_DEPRECATED_OBJC_IMPLEMENTATIONS = YES;
				CLANG_WARN_DIRECT_OBJC_ISA_USAGE = YES_ERROR;
				CLANG_WARN_DOCUMENTATION_COMMENTS = YES;
				CLANG_WARN_EMPTY_BODY = YES;
				CLANG_WARN_ENUM_CONVERSION = YES;
				CLANG_WARN_INFINITE_RECURSION = YES;
				CLANG_WARN_INT_CONVERSION = YES;
				CLANG_WARN_NON_LITERAL_NULL_CONVERSION = YES;
				CLANG_WARN_OBJC_IMPLICIT_RETAIN_SELF = YES;
				CLANG_WARN_OBJC_LITERAL_CONVERSION = YES;
				CLANG_WARN_OBJC_ROOT_CLASS = YES_ERROR;
				CLANG_WARN_QUOTED_INCLUDE_IN_FRAMEWORK_HEADER = YES;
				CLANG_WARN_RANGE_LOOP_ANALYSIS = YES;
				CLANG_WARN_STRICT_PROTOTYPES = YES;
				CLANG_WARN_SUSPICIOUS_MOVE = YES;
				CLANG_WARN_UNGUARDED_AVAILABILITY = YES_AGGRESSIVE;
				CLANG_WARN_UNREACHABLE_CODE = YES;
				CLANG_WARN__DUPLICATE_METHOD_MATCH = YES;
				COPY_PHASE_STRIP = NO;
				DEBUG_INFORMATION_FORMAT = "dwarf-with-dsym";
				ENABLE_NS_ASSERTIONS = NO;
				ENABLE_STRICT_OBJC_MSGSEND = YES;
				ENABLE_USER_SCRIPT_SANDBOXING = YES;
				GCC_C_LANGUAGE_STANDARD = gnu17;
				GCC_NO_COMMON_BLOCKS = YES;
				GCC_WARN_64_TO_32_BIT_CONVERSION = YES;
				GCC_WARN_ABOUT_RETURN_TYPE = YES_ERROR;
				GCC_WARN_UNDECLARED_SELECTOR = YES;
				GCC_WARN_UNINITIALIZED_AUTOS = YES_AGGRESSIVE;
				GCC_WARN_UNUSED_FUNCTION = YES;
				GCC_WARN_UNUSED_VARIABLE = YES;
				IPHONEOS_DEPLOYMENT_TARGET = 17.4;
				LOCALIZATION_PREFERS_STRING_CATALOGS = YES;
				MTL_ENABLE_DEBUG_INFO = NO;
				MTL_FAST_MATH = YES;
				SDKROOT = iphoneos;
				SWIFT_COMPILATION_MODE = wholemodule;
				VALIDATE_PRODUCT = YES;
			};
			name = Release;
		};
		5F1854602BF5FDA7009543AD /* Debug */ = {
			isa = XCBuildConfiguration;
			buildSettings = {
				ASSETCATALOG_COMPILER_APPICON_NAME = AppIcon;
				ASSETCATALOG_COMPILER_GLOBAL_ACCENT_COLOR_NAME = AccentColor;
				CODE_SIGN_STYLE = Automatic;
				CURRENT_PROJECT_VERSION = 1;
				DEVELOPMENT_TEAM = U5JP4NQRJP;
				GENERATE_INFOPLIST_FILE = YES;
				INFOPLIST_FILE = ImageFeed/Info.plist;
				INFOPLIST_KEY_UIApplicationSupportsIndirectInputEvents = YES;
				INFOPLIST_KEY_UILaunchStoryboardName = LaunchScreen;
				INFOPLIST_KEY_UIMainStoryboardFile = Main;
				INFOPLIST_KEY_UIStatusBarStyle = UIStatusBarStyleLightContent;
				INFOPLIST_KEY_UISupportedInterfaceOrientations = UIInterfaceOrientationPortrait;
				IPHONEOS_DEPLOYMENT_TARGET = 13.0;
				LD_RUNPATH_SEARCH_PATHS = (
					"$(inherited)",
					"@executable_path/Frameworks",
				);
				MARKETING_VERSION = 1.0;
				PRODUCT_BUNDLE_IDENTIFIER = ru.yandex.practicum.ImageFeed;
				PRODUCT_NAME = "$(TARGET_NAME)";
				SUPPORTED_PLATFORMS = "iphoneos iphonesimulator";
				SUPPORTS_MACCATALYST = NO;
				SWIFT_EMIT_LOC_STRINGS = YES;
				SWIFT_VERSION = 5.0;
				TARGETED_DEVICE_FAMILY = 1;
			};
			name = Debug;
		};
		5F1854612BF5FDA7009543AD /* Release */ = {
			isa = XCBuildConfiguration;
			buildSettings = {
				ASSETCATALOG_COMPILER_APPICON_NAME = AppIcon;
				ASSETCATALOG_COMPILER_GLOBAL_ACCENT_COLOR_NAME = AccentColor;
				CODE_SIGN_STYLE = Automatic;
				CURRENT_PROJECT_VERSION = 1;
				DEVELOPMENT_TEAM = U5JP4NQRJP;
				GENERATE_INFOPLIST_FILE = YES;
				INFOPLIST_FILE = ImageFeed/Info.plist;
				INFOPLIST_KEY_UIApplicationSupportsIndirectInputEvents = YES;
				INFOPLIST_KEY_UILaunchStoryboardName = LaunchScreen;
				INFOPLIST_KEY_UIMainStoryboardFile = Main;
				INFOPLIST_KEY_UIStatusBarStyle = UIStatusBarStyleLightContent;
				INFOPLIST_KEY_UISupportedInterfaceOrientations = UIInterfaceOrientationPortrait;
				IPHONEOS_DEPLOYMENT_TARGET = 13.0;
				LD_RUNPATH_SEARCH_PATHS = (
					"$(inherited)",
					"@executable_path/Frameworks",
				);
				MARKETING_VERSION = 1.0;
				PRODUCT_BUNDLE_IDENTIFIER = ru.yandex.practicum.ImageFeed;
				PRODUCT_NAME = "$(TARGET_NAME)";
				SUPPORTED_PLATFORMS = "iphoneos iphonesimulator";
				SUPPORTS_MACCATALYST = NO;
				SWIFT_EMIT_LOC_STRINGS = YES;
				SWIFT_VERSION = 5.0;
				TARGETED_DEVICE_FAMILY = 1;
			};
			name = Release;
		};
/* End XCBuildConfiguration section */

/* Begin XCConfigurationList section */
		5F1854432BF5FDA5009543AD /* Build configuration list for PBXProject "ImageFeed" */ = {
			isa = XCConfigurationList;
			buildConfigurations = (
				5F18545D2BF5FDA7009543AD /* Debug */,
				5F18545E2BF5FDA7009543AD /* Release */,
			);
			defaultConfigurationIsVisible = 0;
			defaultConfigurationName = Release;
		};
		5F18545F2BF5FDA7009543AD /* Build configuration list for PBXNativeTarget "ImageFeed" */ = {
			isa = XCConfigurationList;
			buildConfigurations = (
				5F1854602BF5FDA7009543AD /* Debug */,
				5F1854612BF5FDA7009543AD /* Release */,
			);
			defaultConfigurationIsVisible = 0;
			defaultConfigurationName = Release;
		};
/* End XCConfigurationList section */

/* Begin XCVersionGroup section */
		5F1854542BF5FDA5009543AD /* ImageFeed.xcdatamodeld */ = {
			isa = XCVersionGroup;
			children = (
				5F1854552BF5FDA5009543AD /* ImageFeed.xcdatamodel */,
			);
			currentVersion = 5F1854552BF5FDA5009543AD /* ImageFeed.xcdatamodel */;
			path = ImageFeed.xcdatamodeld;
			sourceTree = "<group>";
			versionGroupType = wrapper.xcdatamodel;
		};
/* End XCVersionGroup section */
	};
	rootObject = 5F1854402BF5FDA5009543AD /* Project object */;
}
